
Microsoft Visual Studio Solution File, Format Version 12.00
# Visual Studio Version 17
VisualStudioVersion = 17.7.34024.191
MinimumVisualStudioVersion = 10.0.40219.1
Project("{FAE04EC0-301F-11D3-BF4B-00C04F79EFBC}") = "tests", "tests.csproj", "{B5D3FA24-0A51-458B-BEB9-585F4AB9B251}"
EndProject
Global
	GlobalSection(SolutionConfigurationPlatforms) = preSolution
		Debug|Any CPU = Debug|Any CPU
		Release|Any CPU = Release|Any CPU
	EndGlobalSection
	GlobalSection(ProjectConfigurationPlatforms) = postSolution
		{B5D3FA24-0A51-458B-BEB9-585F4AB9B251}.Debug|Any CPU.ActiveCfg = Debug|Any CPU
		{B5D3FA24-0A51-458B-BEB9-585F4AB9B251}.Debug|Any CPU.Build.0 = Debug|Any CPU
		{B5D3FA24-0A51-458B-BEB9-585F4AB9B251}.Release|Any CPU.ActiveCfg = Release|Any CPU
		{B5D3FA24-0A51-458B-BEB9-585F4AB9B251}.Release|Any CPU.Build.0 = Release|Any CPU
	EndGlobalSection
	GlobalSection(SolutionProperties) = preSolution
		HideSolutionNode = FALSE
	EndGlobalSection
	GlobalSection(ExtensibilityGlobals) = postSolution
		SolutionGuid = {1D7BD4B9-48E9-4DDB-BD2B-DBADCB63D583}
	EndGlobalSection
EndGlobal
